
Microsoft Visual Studio Solution File, Format Version 11.00
# Visual Studio 2010
Project("{FAE04EC0-301F-11D3-BF4B-00C04F79EFBC}") = "Assembly-CSharp", "Assembly-CSharp.csproj", "{DD751E36-8A8A-4786-3E37-6382E449CE30}"
EndProject
Project("{FAE04EC0-301F-11D3-BF4B-00C04F79EFBC}") = "Assembly-CSharp-firstpass", "Assembly-CSharp-firstpass.csproj", "{3DB2919A-F653-37A0-897F-37D77EEEA39B}"
EndProject
Global
	GlobalSection(SolutionConfigurationPlatforms) = preSolution
		Debug|Any CPU = Debug|Any CPU
		Release|Any CPU = Release|Any CPU
	EndGlobalSection
	GlobalSection(ProjectConfigurationPlatforms) = postSolution
		{DD751E36-8A8A-4786-3E37-6382E449CE30}.Debug|Any CPU.ActiveCfg = Debug|Any CPU
		{DD751E36-8A8A-4786-3E37-6382E449CE30}.Debug|Any CPU.Build.0 = Debug|Any CPU
		{DD751E36-8A8A-4786-3E37-6382E449CE30}.Release|Any CPU.ActiveCfg = Release|Any CPU
		{DD751E36-8A8A-4786-3E37-6382E449CE30}.Release|Any CPU.Build.0 = Release|Any CPU
		{3DB2919A-F653-37A0-897F-37D77EEEA39B}.Debug|Any CPU.ActiveCfg = Debug|Any CPU
		{3DB2919A-F653-37A0-897F-37D77EEEA39B}.Debug|Any CPU.Build.0 = Debug|Any CPU
		{3DB2919A-F653-37A0-897F-37D77EEEA39B}.Release|Any CPU.ActiveCfg = Release|Any CPU
		{3DB2919A-F653-37A0-897F-37D77EEEA39B}.Release|Any CPU.Build.0 = Release|Any CPU
	EndGlobalSection
	GlobalSection(SolutionProperties) = preSolution
		HideSolutionNode = FALSE
	EndGlobalSection
EndGlobal
